{
    "_meta": {
        "hash": {
            "sha256": "0fdad1580ccb3ef322135f425799293259e5696dd5c31ef29974b0bde925ee9f"
        },
        "host-environment-markers": {
            "implementation_name": "cpython",
            "implementation_version": "3.5.2",
            "os_name": "posix",
            "platform_machine": "x86_64",
            "platform_python_implementation": "CPython",
            "platform_release": "4.13.0-38-generic",
            "platform_system": "Linux",
            "platform_version": "#43~16.04.1-Ubuntu SMP Wed Mar 14 17:48:43 UTC 2018",
            "python_full_version": "3.5.2",
            "python_version": "3.5",
            "sys_platform": "linux"
        },
        "pipfile-spec": 6,
        "requires": {},
        "sources": [
            {
                "name": "pypi",
                "url": "https://pypi.python.org/simple",
                "verify_ssl": true
            }
        ]
    },
    "default": {
        "autoflake": {
            "hashes": [
                "sha256:a74d684a7a02654f74582addc24a3016c06809316cc140457a4fe93a1e6ed131"
            ],
            "version": "==1.1"
        },
        "cython": {
            "hashes": [
                "sha256:7cdd5303121024269610236876d9f4beb6a909a1ea5d7bc48e7bbf5d8774a3f2",
                "sha256:330c95c03e39835976d1410f5fa877b75fcc5c50dc146d4c02377fc719b1f8c9",
                "sha256:e27e12834ac315c7d67ca697a325d42ff8395e9b82fb62c8665bb583eb0df589",
                "sha256:d08f5dd2fbf7d1506c9d986a8352b2423170002ddb635b184d2a916d2b5df0d6",
                "sha256:26196ff8fe00e7c4c5815a310c368edfc1a1c8a3c90ac9220435d1b01e795cf7",
                "sha256:ea22d79133583b5b0f856dbfda097363228ae0a3d77431deaba90634e5d4853a",
                "sha256:1a434e7621ca6671ce949893fef94b13a580853ba976e729f68dda5ab270ee8a",
                "sha256:d2b636c16931663aeb8ffb91cf871a912e66e7200755ce68aa8c502c16eb366f",
                "sha256:15cbde95cdf6a346c63c0b38b895aa3186d0a49adcaf42b9e19c4cb0473cb921",
                "sha256:b5c2e31be55bc61d3c758889d06b16d84f4fda944832fbed63c113ec2dbc5f97",
                "sha256:ea113ff58e96152738e646b8ee77b41d3994735df77bee0a26cd413a67e03c0f",
                "sha256:4e07e619af85e7c1ec2344ecab558929bb4acbca25f8f170d07dc677e8ee413f",
                "sha256:32638aefc164404ac70e5f86558cd3aece34df17db16da905abf5e664073bae4",
                "sha256:996ae959ab2600b8ad4c80981afc32e89b42d0abe3234c48e960e40180459cb2",
                "sha256:0a44c3645a84724d4f7f7c1126f3807cad14271f210bb1a9a15bfd330c8d20b9",
                "sha256:2b73b062658511167dde37a51acb80ae6ddea1ffa284ebdbc47a900f21e63c70",
                "sha256:3fc9b945541cadb5a10316e48b5e73f4b6f635b7d30156f502b66f3766545b23",
                "sha256:427299c47cfe04d97f9f09ea55570c05898a87b64caf6ddebb529b6f64e5d228",
                "sha256:5010e048fb9791522fe626bd40137b8a847ba77a6e656bb64d6d7acdc45ece32",
                "sha256:80856aa45004514a3ff5e102bd18fbd5230d234311de1f83d4e5b97ef42f6c93",
                "sha256:1da199a5be7c486ee89b4a8bda7f00f9fd98b800d9af3a1fe3fc63e68dadea85",
                "sha256:2b9aa64473fefbe988e36a30915732a0e2a75ffe0f3e81a70e3f8d367c2e4119",
                "sha256:e47bbe74d6c87fab2e22f1580aa3e4a8e7482b4265b1fc76685fc49f90e18f99",
                "sha256:e312dd688b97e9f97199a8e4ba18b65db2747157630761d27193a18761b23fed",
                "sha256:38b499fa317cf6939e46317457240553b13e974f08ed387523f10af26e269f6c",
                "sha256:70bc2806fc9e5affcf74c0d4fa12cba57ffb94cdfc28b975692c8df56ea86402",
                "sha256:3c60caa0075aa1f1c5e10b5352d2e8bb9a18361ce9fca50fa7d4baea67804ade",
                "sha256:c39b3a042bf5ded7c8336c82b1fa817e1f46a7ef16d41d66b3d3340e7a3b60ed",
                "sha256:175273eb6a90af364b9b2aea74e3c3eebcde9caec02d617cd8886c0933ec3304",
                "sha256:152ee5f345012ca3bb7cc71da2d3736ee20f52cd8476e4d49e5e25c5a4102b12"
            ],
            "version": "==0.28.1"
        },
        "epc": {
            "hashes": [
                "sha256:a14d2ea74817955a20eb00812e3a4630a132897eb4d976420240f1152c0d7d25"
            ],
            "version": "==0.0.5"
        },
        "importmagic": {
            "hashes": [
                "sha256:3f7757a5b74c9a291e20e12023bb3bf71bc2fa3adfb15a08570648ab83eaf8d8"
            ],
            "version": "==0.1.7"
        },
        "jedi": {
            "hashes": [
                "sha256:d795f2c2e659f5ea39a839e5230d70a0b045d0daee7ca2403568d8f348d0ad89",
                "sha256:d6e799d04d1ade9459ed0f20de47c32f2285438956a677d083d3c98def59fa97"
            ],
            "version": "==0.11.1"
        },
        "json-rpc": {
            "hashes": [
                "sha256:bb62b2fefd8dd9c639e743c5556b8fa882b38145c0e871a731aa42e0b83754ab",
                "sha256:21f04a98d312eaec1b200ea91c147ef6e3b9fc0219aff5bd940e50b6c446d3b5"
            ],
            "version": "==1.10.8"
        },
        "parso": {
            "hashes": [
                "sha256:a7bb86fe0844304869d1c08e8bd0e52be931228483025c422917411ab82d628a",
                "sha256:5815f3fe254e5665f3c5d6f54f086c2502035cb631a91341591b5a564203cffb"
            ],
            "version": "==0.1.1"
        },
        "pyflakes": {
            "hashes": [
                "sha256:08bd6a50edf8cffa9fa09a463063c425ecaaf10d1eb0335a7e8b1401aef89e6f",
                "sha256:8d616a382f243dbf19b54743f280b80198be0bca3a5396f1d2e1fca6223e8805"
            ],
            "version": "==1.6.0"
        },
        "service-factory": {
            "hashes": [
                "sha256:19a69f7bd68de5d503313419a34048c138eade272a7c681828c13360087b5bba",
                "sha256:d466a7b1e1f0e196abdc27a69aef6afdaff3b1814146068573e9c46ae8be2658",
                "sha256:3f23f6e1a59eb2657eff48be5ee42e4cbd8f90eb3d134eab0017e13c54f6e3f7"
            ],
            "version": "==0.1.5"
        },
        "sexpdata": {
            "hashes": [
                "sha256:1ac827a616c5e87ebb60fd6686fb86f8a166938c645f4089d92de3ffbdd494e0"
            ],
            "version": "==0.0.3"
        }
    },
    "develop": {}
}
